
Microsoft Visual Studio Solution File, Format Version 12.00
# Visual Studio Version 17
VisualStudioVersion = 17.14.37614.0 d17.14
MinimumVisualStudioVersion = 10.0.40219.1
Project("{F184B08F-C81C-45F6-A57F-5ABD9991F28F}") = "EJEMPLO2026", "EJEMPLO2026.vbproj", "{C53E2E85-C63F-42BF-AE33-DA4926A63304}"
EndProject
Global
	GlobalSection(SolutionConfigurationPlatforms) = preSolution
		Debug|Any CPU = Debug|Any CPU
		Release|Any CPU = Release|Any CPU
	EndGlobalSection
	GlobalSection(ProjectConfigurationPlatforms) = postSolution
		{C53E2E85-C63F-42BF-AE33-DA4926A63304}.Debug|Any CPU.ActiveCfg = Debug|Any CPU
		{C53E2E85-C63F-42BF-AE33-DA4926A63304}.Debug|Any CPU.Build.0 = Debug|Any CPU
		{C53E2E85-C63F-42BF-AE33-DA4926A63304}.Release|Any CPU.ActiveCfg = Release|Any CPU
		{C53E2E85-C63F-42BF-AE33-DA4926A63304}.Release|Any CPU.Build.0 = Release|Any CPU
	EndGlobalSection
	GlobalSection(SolutionProperties) = preSolution
		HideSolutionNode = FALSE
	EndGlobalSection
	GlobalSection(ExtensibilityGlobals) = postSolution
		SolutionGuid = {7B904463-FE0D-47F3-9400-48E5CCFDE2D4}
	EndGlobalSection
EndGlobal
